
Microsoft Visual Studio Solution File, Format Version 12.00
# Visual Studio 2012
Project("{FAE04EC0-301F-11D3-BF4B-00C04F79EFBC}") = "SearchAlgorithms", "BidirectionalSearch\SearchAlgorithms.csproj", "{62A99DC0-E992-46BE-944B-54B0151DA0EA}"
EndProject
Global
	GlobalSection(SolutionConfigurationPlatforms) = preSolution
		Debug|Any CPU = Debug|Any CPU
		Release|Any CPU = Release|Any CPU
	EndGlobalSection
	GlobalSection(ProjectConfigurationPlatforms) = postSolution
		{62A99DC0-E992-46BE-944B-54B0151DA0EA}.Debug|Any CPU.ActiveCfg = Debug|Any CPU
		{62A99DC0-E992-46BE-944B-54B0151DA0EA}.Debug|Any CPU.Build.0 = Debug|Any CPU
		{62A99DC0-E992-46BE-944B-54B0151DA0EA}.Release|Any CPU.ActiveCfg = Release|Any CPU
		{62A99DC0-E992-46BE-944B-54B0151DA0EA}.Release|Any CPU.Build.0 = Release|Any CPU
	EndGlobalSection
	GlobalSection(SolutionProperties) = preSolution
		HideSolutionNode = FALSE
	EndGlobalSection
EndGlobal
